
Microsoft Visual Studio Solution File, Format Version 12.00
# Visual Studio Version 17
VisualStudioVersion = 17.6.33723.286
MinimumVisualStudioVersion = 10.0.40219.1
Project("{9A19103F-16F7-4668-BE54-9A1E7A4F7556}") = "Pag_Pix_Core.Api", "Pag_Pix_Core\Pag_Pix_Core.Api.csproj", "{4A6AF9BD-EA3A-4D9D-A7A5-11579A4093BE}"
EndProject
Project("{9A19103F-16F7-4668-BE54-9A1E7A4F7556}") = "Pag_Pix_Core.Domain", "Pag_Pix_Core.Domain\Pag_Pix_Core.Domain.csproj", "{FE0E2DD0-E11E-4654-BCAA-C16B46B721D0}"
EndProject
Project("{9A19103F-16F7-4668-BE54-9A1E7A4F7556}") = "Pag_Pix_Core.Repository", "Pag_Pix_Core.Repository\Pag_Pix_Core.Repository.csproj", "{96AE9AED-42AD-416D-83A5-E7174ADCDCCE}"
EndProject
Project("{9A19103F-16F7-4668-BE54-9A1E7A4F7556}") = "Pag_Pix_Core.Service", "Pag_Pix_Core.Service\Pag_Pix_Core.Service.csproj", "{0CB801E1-62C6-4357-A6ED-38A7B1D9A893}"
EndProject
Global
	GlobalSection(SolutionConfigurationPlatforms) = preSolution
		Debug|Any CPU = Debug|Any CPU
		Release|Any CPU = Release|Any CPU
	EndGlobalSection
	GlobalSection(ProjectConfigurationPlatforms) = postSolution
		{4A6AF9BD-EA3A-4D9D-A7A5-11579A4093BE}.Debug|Any CPU.ActiveCfg = Debug|Any CPU
		{4A6AF9BD-EA3A-4D9D-A7A5-11579A4093BE}.Debug|Any CPU.Build.0 = Debug|Any CPU
		{4A6AF9BD-EA3A-4D9D-A7A5-11579A4093BE}.Release|Any CPU.ActiveCfg = Release|Any CPU
		{4A6AF9BD-EA3A-4D9D-A7A5-11579A4093BE}.Release|Any CPU.Build.0 = Release|Any CPU
		{FE0E2DD0-E11E-4654-BCAA-C16B46B721D0}.Debug|Any CPU.ActiveCfg = Debug|Any CPU
		{FE0E2DD0-E11E-4654-BCAA-C16B46B721D0}.Debug|Any CPU.Build.0 = Debug|Any CPU
		{FE0E2DD0-E11E-4654-BCAA-C16B46B721D0}.Release|Any CPU.ActiveCfg = Release|Any CPU
		{FE0E2DD0-E11E-4654-BCAA-C16B46B721D0}.Release|Any CPU.Build.0 = Release|Any CPU
		{96AE9AED-42AD-416D-83A5-E7174ADCDCCE}.Debug|Any CPU.ActiveCfg = Debug|Any CPU
		{96AE9AED-42AD-416D-83A5-E7174ADCDCCE}.Debug|Any CPU.Build.0 = Debug|Any CPU
		{96AE9AED-42AD-416D-83A5-E7174ADCDCCE}.Release|Any CPU.ActiveCfg = Release|Any CPU
		{96AE9AED-42AD-416D-83A5-E7174ADCDCCE}.Release|Any CPU.Build.0 = Release|Any CPU
		{0CB801E1-62C6-4357-A6ED-38A7B1D9A893}.Debug|Any CPU.ActiveCfg = Debug|Any CPU
		{0CB801E1-62C6-4357-A6ED-38A7B1D9A893}.Debug|Any CPU.Build.0 = Debug|Any CPU
		{0CB801E1-62C6-4357-A6ED-38A7B1D9A893}.Release|Any CPU.ActiveCfg = Release|Any CPU
		{0CB801E1-62C6-4357-A6ED-38A7B1D9A893}.Release|Any CPU.Build.0 = Release|Any CPU
	EndGlobalSection
	GlobalSection(SolutionProperties) = preSolution
		HideSolutionNode = FALSE
	EndGlobalSection
	GlobalSection(ExtensibilityGlobals) = postSolution
		SolutionGuid = {F10AE93B-563D-492E-9439-596D6B302676}
	EndGlobalSection
EndGlobal
